{
  "name": "AI-Assisted-Graph-Generation",
  "lockfileVersion": 3,
  "requires": true,
  "packages": {
    "": {
      "dependencies": {
        "html-to-image": "^1.11.13",
        "plotly.js-dist-min": "^3.0.1"
      }
    },
    "node_modules/html-to-image": {
      "version": "1.11.13",
      "resolved": "https://registry.npmjs.org/html-to-image/-/html-to-image-1.11.13.tgz",
      "integrity": "sha512-cuOPoI7WApyhBElTTb9oqsawRvZ0rHhaHwghRLlTuffoD1B2aDemlCruLeZrUIIdvG7gs9xeELEPm6PhuASqrg==",
      "license": "MIT"
    },
    "node_modules/plotly.js-dist-min": {
      "version": "3.0.1",
      "resolved": "https://registry.npmjs.org/plotly.js-dist-min/-/plotly.js-dist-min-3.0.1.tgz",
      "integrity": "sha512-RReOqr6TfoHaTbVAoHR1UbTCOSRDsQ7Hbthd+3XAxOwaKmxCE3oejMhLG7urQSqWC65DAcSKV23kZd8e+7mG7w==",
      "license": "MIT"
    }
  }
}
